
Microsoft Visual Studio Solution File, Format Version 12.00
Project("{FAE04EC0-301F-11D3-BF4B-00C04F79EFBC}") = "VitalCheckWeb.API", "VitalCheckWeb.API\VitalCheckWeb.API.csproj", "{8D638A35-A410-414D-94D0-74396A14DF05}"
EndProject
Global
	GlobalSection(SolutionConfigurationPlatforms) = preSolution
		Debug|Any CPU = Debug|Any CPU
		Release|Any CPU = Release|Any CPU
	EndGlobalSection
	GlobalSection(ProjectConfigurationPlatforms) = postSolution
		{8D638A35-A410-414D-94D0-74396A14DF05}.Debug|Any CPU.ActiveCfg = Debug|Any CPU
		{8D638A35-A410-414D-94D0-74396A14DF05}.Debug|Any CPU.Build.0 = Debug|Any CPU
		{8D638A35-A410-414D-94D0-74396A14DF05}.Release|Any CPU.ActiveCfg = Release|Any CPU
		{8D638A35-A410-414D-94D0-74396A14DF05}.Release|Any CPU.Build.0 = Release|Any CPU
	EndGlobalSection
EndGlobal
